
Microsoft Visual Studio Solution File, Format Version 12.00
# Visual Studio 15
VisualStudioVersion = 15.0.28307.168
MinimumVisualStudioVersion = 10.0.40219.1
Project("{FAE04EC0-301F-11D3-BF4B-00C04F79EFBC}") = "HTO2", "HTO2\HTO2.csproj", "{C12D052A-5E24-46D9-9F0D-323ECE59BE32}"
EndProject
Global
	GlobalSection(SolutionConfigurationPlatforms) = preSolution
		Debug|Any CPU = Debug|Any CPU
		Release|Any CPU = Release|Any CPU
	EndGlobalSection
	GlobalSection(ProjectConfigurationPlatforms) = postSolution
		{C12D052A-5E24-46D9-9F0D-323ECE59BE32}.Debug|Any CPU.ActiveCfg = Debug|Any CPU
		{C12D052A-5E24-46D9-9F0D-323ECE59BE32}.Debug|Any CPU.Build.0 = Debug|Any CPU
		{C12D052A-5E24-46D9-9F0D-323ECE59BE32}.Release|Any CPU.ActiveCfg = Release|Any CPU
		{C12D052A-5E24-46D9-9F0D-323ECE59BE32}.Release|Any CPU.Build.0 = Release|Any CPU
	EndGlobalSection
	GlobalSection(SolutionProperties) = preSolution
		HideSolutionNode = FALSE
	EndGlobalSection
	GlobalSection(ExtensibilityGlobals) = postSolution
		SolutionGuid = {996BADCB-8B98-49FF-864A-E1EFCE5841C9}
	EndGlobalSection
EndGlobal
