
Microsoft Visual Studio Solution File, Format Version 12.00
# Visual Studio 15
VisualStudioVersion = 15.0.28307.168
MinimumVisualStudioVersion = 10.0.40219.1
Project("{FAE04EC0-301F-11D3-BF4B-00C04F79EFBC}") = "HTO2", "HTO2\HTO2.csproj", "{C12D052A-5E24-46D9-9F0D-323ECE59BE32}"
EndProject
Project("{FAE04EC0-301F-11D3-BF4B-00C04F79EFBC}") = "HTO", "MiscTests\HTO.csproj", "{189BE829-085F-41CD-AB3D-BF73491F954F}"
EndProject
Project("{FAE04EC0-301F-11D3-BF4B-00C04F79EFBC}") = "AutoHotkey.Interop", "AutoHotkey.Interop\AutoHotkey.Interop.csproj", "{2869DBFE-7762-4930-95EA-2B0C111CF353}"
EndProject
Global
	GlobalSection(SolutionConfigurationPlatforms) = preSolution
		Debug|Any CPU = Debug|Any CPU
		Debug|x64 = Debug|x64
		Release|Any CPU = Release|Any CPU
		Release|x64 = Release|x64
	EndGlobalSection
	GlobalSection(ProjectConfigurationPlatforms) = postSolution
		{C12D052A-5E24-46D9-9F0D-323ECE59BE32}.Debug|Any CPU.ActiveCfg = Debug|Any CPU
		{C12D052A-5E24-46D9-9F0D-323ECE59BE32}.Debug|x64.ActiveCfg = Debug|Any CPU
		{C12D052A-5E24-46D9-9F0D-323ECE59BE32}.Debug|x64.Build.0 = Debug|Any CPU
		{C12D052A-5E24-46D9-9F0D-323ECE59BE32}.Release|Any CPU.ActiveCfg = Release|Any CPU
		{C12D052A-5E24-46D9-9F0D-323ECE59BE32}.Release|Any CPU.Build.0 = Release|Any CPU
		{C12D052A-5E24-46D9-9F0D-323ECE59BE32}.Release|x64.ActiveCfg = Release|Any CPU
		{C12D052A-5E24-46D9-9F0D-323ECE59BE32}.Release|x64.Build.0 = Release|Any CPU
		{189BE829-085F-41CD-AB3D-BF73491F954F}.Debug|Any CPU.ActiveCfg = Debug|Any CPU
		{189BE829-085F-41CD-AB3D-BF73491F954F}.Debug|Any CPU.Build.0 = Debug|Any CPU
		{189BE829-085F-41CD-AB3D-BF73491F954F}.Debug|x64.ActiveCfg = Debug|Any CPU
		{189BE829-085F-41CD-AB3D-BF73491F954F}.Debug|x64.Build.0 = Debug|Any CPU
		{189BE829-085F-41CD-AB3D-BF73491F954F}.Release|Any CPU.ActiveCfg = Release|Any CPU
		{189BE829-085F-41CD-AB3D-BF73491F954F}.Release|Any CPU.Build.0 = Release|Any CPU
		{189BE829-085F-41CD-AB3D-BF73491F954F}.Release|x64.ActiveCfg = Release|Any CPU
		{189BE829-085F-41CD-AB3D-BF73491F954F}.Release|x64.Build.0 = Release|Any CPU
		{2869DBFE-7762-4930-95EA-2B0C111CF353}.Debug|Any CPU.ActiveCfg = Debug|Any CPU
		{2869DBFE-7762-4930-95EA-2B0C111CF353}.Debug|Any CPU.Build.0 = Debug|Any CPU
		{2869DBFE-7762-4930-95EA-2B0C111CF353}.Debug|x64.ActiveCfg = Debug|x64
		{2869DBFE-7762-4930-95EA-2B0C111CF353}.Debug|x64.Build.0 = Debug|x64
		{2869DBFE-7762-4930-95EA-2B0C111CF353}.Release|Any CPU.ActiveCfg = Release|Any CPU
		{2869DBFE-7762-4930-95EA-2B0C111CF353}.Release|Any CPU.Build.0 = Release|Any CPU
		{2869DBFE-7762-4930-95EA-2B0C111CF353}.Release|x64.ActiveCfg = Release|x64
		{2869DBFE-7762-4930-95EA-2B0C111CF353}.Release|x64.Build.0 = Release|x64
	EndGlobalSection
	GlobalSection(SolutionProperties) = preSolution
		HideSolutionNode = FALSE
	EndGlobalSection
	GlobalSection(ExtensibilityGlobals) = postSolution
		SolutionGuid = {996BADCB-8B98-49FF-864A-E1EFCE5841C9}
	EndGlobalSection
EndGlobal
